// !$*UTF8*$!
{
	archiveVersion = 1;
	classes = {
	};
	objectVersion = 46;
	objects = {

/* Begin PBXBuildFile section */
		660704E01F3CBD42000C09FD /* SideMenuUserInfoView.swift in Sources */ = {isa = PBXBuildFile; fileRef = 660704DF1F3CBD42000C09FD /* SideMenuUserInfoView.swift */; };
		660704E21F3CDDC5000C09FD /* SlideMenuLeftCell.swift in Sources */ = {isa = PBXBuildFile; fileRef = 660704E11F3CDDC5000C09FD /* SlideMenuLeftCell.swift */; };
		660704E41F3CF3E8000C09FD /* VerificationController.swift in Sources */ = {isa = PBXBuildFile; fileRef = 660704E31F3CF3E8000C09FD /* VerificationController.swift */; };
		660704E61F3CFB15000C09FD /* UserInfoViewController.swift in Sources */ = {isa = PBXBuildFile; fileRef = 660704E51F3CFB15000C09FD /* UserInfoViewController.swift */; };
		660704E81F3D062E000C09FD /* UserInfoViewCell.swift in Sources */ = {isa = PBXBuildFile; fileRef = 660704E71F3D062E000C09FD /* UserInfoViewCell.swift */; };
		661C821B1F4A08C40064D1FB /* RequestController.swift in Sources */ = {isa = PBXBuildFile; fileRef = 661C821A1F4A08C40064D1FB /* RequestController.swift */; };
		661C821D1F4A1DCC0064D1FB /* RequestController++.swift in Sources */ = {isa = PBXBuildFile; fileRef = 661C821C1F4A1DCC0064D1FB /* RequestController++.swift */; };
		663F1C941F44ABEB00E866C2 /* README.md in Sources */ = {isa = PBXBuildFile; fileRef = 663F1C931F44ABEB00E866C2 /* README.md */; };
		663F1C961F44DBD000E866C2 /* HomePageTableCell.swift in Sources */ = {isa = PBXBuildFile; fileRef = 663F1C951F44DBD000E866C2 /* HomePageTableCell.swift */; };
		6657E94B1F435BEF00755443 /* PhotoIDController.swift in Sources */ = {isa = PBXBuildFile; fileRef = 6657E94A1F435BEF00755443 /* PhotoIDController.swift */; };
		6657E94D1F435C1F00755443 /* PhotoIDController++.swift in Sources */ = {isa = PBXBuildFile; fileRef = 6657E94C1F435C1F00755443 /* PhotoIDController++.swift */; };
		665DE4ED1F3A0B70004DDB88 /* AppDelegate.swift in Sources */ = {isa = PBXBuildFile; fileRef = 665DE4EC1F3A0B70004DDB88 /* AppDelegate.swift */; };
		665DE4EF1F3A0B70004DDB88 /* HomePageController.swift in Sources */ = {isa = PBXBuildFile; fileRef = 665DE4EE1F3A0B70004DDB88 /* HomePageController.swift */; };
		665DE4F21F3A0B70004DDB88 /* Main.storyboard in Resources */ = {isa = PBXBuildFile; fileRef = 665DE4F01F3A0B70004DDB88 /* Main.storyboard */; };
		665DE4F51F3A0B70004DDB88 /* carryonex.xcdatamodeld in Sources */ = {isa = PBXBuildFile; fileRef = 665DE4F31F3A0B70004DDB88 /* carryonex.xcdatamodeld */; };
		665DE4F71F3A0B70004DDB88 /* Assets.xcassets in Resources */ = {isa = PBXBuildFile; fileRef = 665DE4F61F3A0B70004DDB88 /* Assets.xcassets */; };
		665DE4FA1F3A0B70004DDB88 /* LaunchScreen.storyboard in Resources */ = {isa = PBXBuildFile; fileRef = 665DE4F81F3A0B70004DDB88 /* LaunchScreen.storyboard */; };
		66A16AF21F3A5F8100B32AD3 /* UIView++.swift in Sources */ = {isa = PBXBuildFile; fileRef = 66A16AF11F3A5F8100B32AD3 /* UIView++.swift */; };
		66A16AF41F3B56B500B32AD3 /* User.swift in Sources */ = {isa = PBXBuildFile; fileRef = 66A16AF31F3B56B500B32AD3 /* User.swift */; };
		66A16AF61F3B5EDB00B32AD3 /* Item.swift in Sources */ = {isa = PBXBuildFile; fileRef = 66A16AF51F3B5EDB00B32AD3 /* Item.swift */; };
		66A16AF81F3B6B2E00B32AD3 /* Trip.swift in Sources */ = {isa = PBXBuildFile; fileRef = 66A16AF71F3B6B2E00B32AD3 /* Trip.swift */; };
		66A16AFA1F3B704A00B32AD3 /* HomePageController++.swift in Sources */ = {isa = PBXBuildFile; fileRef = 66A16AF91F3B704A00B32AD3 /* HomePageController++.swift */; };
		66A16AFE1F3BA82000B32AD3 /* PageContainer.swift in Sources */ = {isa = PBXBuildFile; fileRef = 66A16AFD1F3BA82000B32AD3 /* PageContainer.swift */; };
		66A16B001F3BB3AA00B32AD3 /* SideMenuLeftController.swift in Sources */ = {isa = PBXBuildFile; fileRef = 66A16AFF1F3BB3AA00B32AD3 /* SideMenuLeftController.swift */; };
		66BB08301F487E3E00935950 /* ItemTypeListController.swift in Sources */ = {isa = PBXBuildFile; fileRef = 66BB082F1F487E3E00935950 /* ItemTypeListController.swift */; };
		66BB08321F487E5000935950 /* ItemTypeListController++.swift in Sources */ = {isa = PBXBuildFile; fileRef = 66BB08311F487E5000935950 /* ItemTypeListController++.swift */; };
		66BB08341F48967600935950 /* ItemCategory.swift in Sources */ = {isa = PBXBuildFile; fileRef = 66BB08331F48967600935950 /* ItemCategory.swift */; };
		66BB08361F489DEA00935950 /* ItemTypeListCell.swift in Sources */ = {isa = PBXBuildFile; fileRef = 66BB08351F489DEA00935950 /* ItemTypeListCell.swift */; };
		66C9756D1F3DEFB000450F37 /* UserInfoViewController++.swift in Sources */ = {isa = PBXBuildFile; fileRef = 66C9756C1F3DEFB000450F37 /* UserInfoViewController++.swift */; };
		66C9756F1F3DF15200450F37 /* UserProfileView.swift in Sources */ = {isa = PBXBuildFile; fileRef = 66C9756E1F3DF15200450F37 /* UserProfileView.swift */; };
		66C975771F3E141600450F37 /* PhoneNumberController.swift in Sources */ = {isa = PBXBuildFile; fileRef = 66C975761F3E141600450F37 /* PhoneNumberController.swift */; };
		66C975791F3E149700450F37 /* VerificationController++.swift in Sources */ = {isa = PBXBuildFile; fileRef = 66C975781F3E149700450F37 /* VerificationController++.swift */; };
		66C9757B1F3E159400450F37 /* PhoneNumberController++.swift in Sources */ = {isa = PBXBuildFile; fileRef = 66C9757A1F3E159400450F37 /* PhoneNumberController++.swift */; };
		66C9757D1F3E165A00450F37 /* DisclaimerController++.swift in Sources */ = {isa = PBXBuildFile; fileRef = 66C9757C1F3E165A00450F37 /* DisclaimerController++.swift */; };
		66C9757F1F3E167C00450F37 /* DisclaimerController.swift in Sources */ = {isa = PBXBuildFile; fileRef = 66C9757E1F3E167C00450F37 /* DisclaimerController.swift */; };
		90D4C228BA0130B57100B4AD /* Pods_carryonex.framework in Frameworks */ = {isa = PBXBuildFile; fileRef = 8B01604DC36E1F272CCEFB10 /* Pods_carryonex.framework */; };
/* End PBXBuildFile section */

/* Begin PBXFileReference section */
		1856822E24F8F9F9D9D689E7 /* Pods-carryonex.debug.xcconfig */ = {isa = PBXFileReference; includeInIndex = 1; lastKnownFileType = text.xcconfig; name = "Pods-carryonex.debug.xcconfig"; path = "Pods/Target Support Files/Pods-carryonex/Pods-carryonex.debug.xcconfig"; sourceTree = "<group>"; };
		660704DF1F3CBD42000C09FD /* SideMenuUserInfoView.swift */ = {isa = PBXFileReference; fileEncoding = 4; lastKnownFileType = sourcecode.swift; path = SideMenuUserInfoView.swift; sourceTree = "<group>"; };
		660704E11F3CDDC5000C09FD /* SlideMenuLeftCell.swift */ = {isa = PBXFileReference; fileEncoding = 4; lastKnownFileType = sourcecode.swift; path = SlideMenuLeftCell.swift; sourceTree = "<group>"; };
		660704E31F3CF3E8000C09FD /* VerificationController.swift */ = {isa = PBXFileReference; fileEncoding = 4; lastKnownFileType = sourcecode.swift; path = VerificationController.swift; sourceTree = "<group>"; };
		660704E51F3CFB15000C09FD /* UserInfoViewController.swift */ = {isa = PBXFileReference; fileEncoding = 4; lastKnownFileType = sourcecode.swift; path = UserInfoViewController.swift; sourceTree = "<group>"; };
		660704E71F3D062E000C09FD /* UserInfoViewCell.swift */ = {isa = PBXFileReference; fileEncoding = 4; lastKnownFileType = sourcecode.swift; path = UserInfoViewCell.swift; sourceTree = "<group>"; };
		661C821A1F4A08C40064D1FB /* RequestController.swift */ = {isa = PBXFileReference; fileEncoding = 4; lastKnownFileType = sourcecode.swift; path = RequestController.swift; sourceTree = "<group>"; };
		661C821C1F4A1DCC0064D1FB /* RequestController++.swift */ = {isa = PBXFileReference; fileEncoding = 4; lastKnownFileType = sourcecode.swift; path = "RequestController++.swift"; sourceTree = "<group>"; };
		663F1C931F44ABEB00E866C2 /* README.md */ = {isa = PBXFileReference; fileEncoding = 4; lastKnownFileType = net.daringfireball.markdown; path = README.md; sourceTree = SOURCE_ROOT; };
		663F1C951F44DBD000E866C2 /* HomePageTableCell.swift */ = {isa = PBXFileReference; fileEncoding = 4; lastKnownFileType = sourcecode.swift; path = HomePageTableCell.swift; sourceTree = "<group>"; };
		665183DB1F4201F200DF2906 /* carryonex-Bridging-Header.h */ = {isa = PBXFileReference; lastKnownFileType = sourcecode.c.h; path = "carryonex-Bridging-Header.h"; sourceTree = "<group>"; };
		6657E94A1F435BEF00755443 /* PhotoIDController.swift */ = {isa = PBXFileReference; fileEncoding = 4; lastKnownFileType = sourcecode.swift; path = PhotoIDController.swift; sourceTree = "<group>"; };
		6657E94C1F435C1F00755443 /* PhotoIDController++.swift */ = {isa = PBXFileReference; fileEncoding = 4; lastKnownFileType = sourcecode.swift; path = "PhotoIDController++.swift"; sourceTree = "<group>"; };
		665DE4E91F3A0B70004DDB88 /* carryonex.app */ = {isa = PBXFileReference; explicitFileType = wrapper.application; includeInIndex = 0; path = carryonex.app; sourceTree = BUILT_PRODUCTS_DIR; };
		665DE4EC1F3A0B70004DDB88 /* AppDelegate.swift */ = {isa = PBXFileReference; lastKnownFileType = sourcecode.swift; path = AppDelegate.swift; sourceTree = "<group>"; };
		665DE4EE1F3A0B70004DDB88 /* HomePageController.swift */ = {isa = PBXFileReference; lastKnownFileType = sourcecode.swift; path = HomePageController.swift; sourceTree = "<group>"; };
		665DE4F11F3A0B70004DDB88 /* Base */ = {isa = PBXFileReference; lastKnownFileType = file.storyboard; name = Base; path = Base.lproj/Main.storyboard; sourceTree = "<group>"; };
		665DE4F41F3A0B70004DDB88 /* carryonex.xcdatamodel */ = {isa = PBXFileReference; lastKnownFileType = wrapper.xcdatamodel; path = carryonex.xcdatamodel; sourceTree = "<group>"; };
		665DE4F61F3A0B70004DDB88 /* Assets.xcassets */ = {isa = PBXFileReference; lastKnownFileType = folder.assetcatalog; path = Assets.xcassets; sourceTree = "<group>"; };
		665DE4F91F3A0B70004DDB88 /* Base */ = {isa = PBXFileReference; lastKnownFileType = file.storyboard; name = Base; path = Base.lproj/LaunchScreen.storyboard; sourceTree = "<group>"; };
		665DE4FB1F3A0B70004DDB88 /* Info.plist */ = {isa = PBXFileReference; lastKnownFileType = text.plist.xml; path = Info.plist; sourceTree = "<group>"; };
		66A16AF11F3A5F8100B32AD3 /* UIView++.swift */ = {isa = PBXFileReference; fileEncoding = 4; lastKnownFileType = sourcecode.swift; path = "UIView++.swift"; sourceTree = "<group>"; };
		66A16AF31F3B56B500B32AD3 /* User.swift */ = {isa = PBXFileReference; fileEncoding = 4; lastKnownFileType = sourcecode.swift; path = User.swift; sourceTree = "<group>"; };
		66A16AF51F3B5EDB00B32AD3 /* Item.swift */ = {isa = PBXFileReference; fileEncoding = 4; lastKnownFileType = sourcecode.swift; path = Item.swift; sourceTree = "<group>"; };
		66A16AF71F3B6B2E00B32AD3 /* Trip.swift */ = {isa = PBXFileReference; fileEncoding = 4; lastKnownFileType = sourcecode.swift; path = Trip.swift; sourceTree = "<group>"; };
		66A16AF91F3B704A00B32AD3 /* HomePageController++.swift */ = {isa = PBXFileReference; fileEncoding = 4; lastKnownFileType = sourcecode.swift; path = "HomePageController++.swift"; sourceTree = "<group>"; };
		66A16AFD1F3BA82000B32AD3 /* PageContainer.swift */ = {isa = PBXFileReference; fileEncoding = 4; lastKnownFileType = sourcecode.swift; path = PageContainer.swift; sourceTree = "<group>"; };
		66A16AFF1F3BB3AA00B32AD3 /* SideMenuLeftController.swift */ = {isa = PBXFileReference; fileEncoding = 4; lastKnownFileType = sourcecode.swift; path = SideMenuLeftController.swift; sourceTree = "<group>"; };
		66B1CA8F1F41FA4700EA0A43 /* libz.tbd */ = {isa = PBXFileReference; lastKnownFileType = "sourcecode.text-based-dylib-definition"; name = libz.tbd; path = usr/lib/libz.tbd; sourceTree = SDKROOT; };
		66B1CA901F41FA7000EA0A43 /* libstdc++.tbd */ = {isa = PBXFileReference; lastKnownFileType = "sourcecode.text-based-dylib-definition"; name = "libstdc++.tbd"; path = "usr/lib/libstdc++.tbd"; sourceTree = SDKROOT; };
		66BB082F1F487E3E00935950 /* ItemTypeListController.swift */ = {isa = PBXFileReference; fileEncoding = 4; lastKnownFileType = sourcecode.swift; path = ItemTypeListController.swift; sourceTree = "<group>"; };
		66BB08311F487E5000935950 /* ItemTypeListController++.swift */ = {isa = PBXFileReference; fileEncoding = 4; lastKnownFileType = sourcecode.swift; path = "ItemTypeListController++.swift"; sourceTree = "<group>"; };
		66BB08331F48967600935950 /* ItemCategory.swift */ = {isa = PBXFileReference; fileEncoding = 4; lastKnownFileType = sourcecode.swift; path = ItemCategory.swift; sourceTree = "<group>"; };
		66BB08351F489DEA00935950 /* ItemTypeListCell.swift */ = {isa = PBXFileReference; fileEncoding = 4; lastKnownFileType = sourcecode.swift; path = ItemTypeListCell.swift; sourceTree = "<group>"; };
		66C9756C1F3DEFB000450F37 /* UserInfoViewController++.swift */ = {isa = PBXFileReference; fileEncoding = 4; lastKnownFileType = sourcecode.swift; path = "UserInfoViewController++.swift"; sourceTree = "<group>"; };
		66C9756E1F3DF15200450F37 /* UserProfileView.swift */ = {isa = PBXFileReference; fileEncoding = 4; lastKnownFileType = sourcecode.swift; path = UserProfileView.swift; sourceTree = "<group>"; };
		66C975761F3E141600450F37 /* PhoneNumberController.swift */ = {isa = PBXFileReference; fileEncoding = 4; lastKnownFileType = sourcecode.swift; path = PhoneNumberController.swift; sourceTree = "<group>"; };
		66C975781F3E149700450F37 /* VerificationController++.swift */ = {isa = PBXFileReference; fileEncoding = 4; lastKnownFileType = sourcecode.swift; path = "VerificationController++.swift"; sourceTree = "<group>"; };
		66C9757A1F3E159400450F37 /* PhoneNumberController++.swift */ = {isa = PBXFileReference; fileEncoding = 4; lastKnownFileType = sourcecode.swift; path = "PhoneNumberController++.swift"; sourceTree = "<group>"; };
		66C9757C1F3E165A00450F37 /* DisclaimerController++.swift */ = {isa = PBXFileReference; fileEncoding = 4; lastKnownFileType = sourcecode.swift; path = "DisclaimerController++.swift"; sourceTree = "<group>"; };
		66C9757E1F3E167C00450F37 /* DisclaimerController.swift */ = {isa = PBXFileReference; fileEncoding = 4; lastKnownFileType = sourcecode.swift; path = DisclaimerController.swift; sourceTree = "<group>"; };
		8B01604DC36E1F272CCEFB10 /* Pods_carryonex.framework */ = {isa = PBXFileReference; explicitFileType = wrapper.framework; includeInIndex = 0; path = Pods_carryonex.framework; sourceTree = BUILT_PRODUCTS_DIR; };
		F7E0D7DF88CFCE43B44D3A8A /* Pods-carryonex.release.xcconfig */ = {isa = PBXFileReference; includeInIndex = 1; lastKnownFileType = text.xcconfig; name = "Pods-carryonex.release.xcconfig"; path = "Pods/Target Support Files/Pods-carryonex/Pods-carryonex.release.xcconfig"; sourceTree = "<group>"; };
/* End PBXFileReference section */

/* Begin PBXFrameworksBuildPhase section */
		665DE4E61F3A0B70004DDB88 /* Frameworks */ = {
			isa = PBXFrameworksBuildPhase;
			buildActionMask = 2147483647;
			files = (
				90D4C228BA0130B57100B4AD /* Pods_carryonex.framework in Frameworks */,
			);
			runOnlyForDeploymentPostprocessing = 0;
		};
/* End PBXFrameworksBuildPhase section */

/* Begin PBXGroup section */
		6657E9481F435B9F00755443 /* PhotoID */ = {
			isa = PBXGroup;
			children = (
				6657E94A1F435BEF00755443 /* PhotoIDController.swift */,
			);
			name = PhotoID;
			sourceTree = "<group>";
		};
		6657E9491F435BBA00755443 /* PhotoID */ = {
			isa = PBXGroup;
			children = (
				6657E94C1F435C1F00755443 /* PhotoIDController++.swift */,
			);
			name = PhotoID;
			sourceTree = "<group>";
		};
		665DE4E01F3A0B70004DDB88 = {
			isa = PBXGroup;
			children = (
				665DE4EB1F3A0B70004DDB88 /* carryonex */,
				665DE4EA1F3A0B70004DDB88 /* Products */,
				F9EB5F0D4C24FA38E1E6E2E9 /* Pods */,
				B74509BA4913B598D9C8BF81 /* Frameworks */,
			);
			sourceTree = "<group>";
		};
		665DE4EA1F3A0B70004DDB88 /* Products */ = {
			isa = PBXGroup;
			children = (
				665DE4E91F3A0B70004DDB88 /* carryonex.app */,
			);
			name = Products;
			sourceTree = "<group>";
		};
		665DE4EB1F3A0B70004DDB88 /* carryonex */ = {
			isa = PBXGroup;
			children = (
				665183DB1F4201F200DF2906 /* carryonex-Bridging-Header.h */,
				665DE4EC1F3A0B70004DDB88 /* AppDelegate.swift */,
				665DE5011F3A59DA004DDB88 /* Model */,
				665DE5021F3A59E4004DDB88 /* View */,
				665DE5031F3A59E9004DDB88 /* Controller */,
				66A16AF01F3A5DC000B32AD3 /* Helpers */,
				665DE4F01F3A0B70004DDB88 /* Main.storyboard */,
				663F1C931F44ABEB00E866C2 /* README.md */,
				665DE4F61F3A0B70004DDB88 /* Assets.xcassets */,
				665DE4F81F3A0B70004DDB88 /* LaunchScreen.storyboard */,
				665DE4FB1F3A0B70004DDB88 /* Info.plist */,
				665DE4F31F3A0B70004DDB88 /* carryonex.xcdatamodeld */,
			);
			path = carryonex;
			sourceTree = "<group>";
		};
		665DE5011F3A59DA004DDB88 /* Model */ = {
			isa = PBXGroup;
			children = (
				66A16AF31F3B56B500B32AD3 /* User.swift */,
				66A16AF51F3B5EDB00B32AD3 /* Item.swift */,
				66BB08331F48967600935950 /* ItemCategory.swift */,
				66A16AF71F3B6B2E00B32AD3 /* Trip.swift */,
			);
			name = Model;
			sourceTree = "<group>";
		};
		665DE5021F3A59E4004DDB88 /* View */ = {
			isa = PBXGroup;
			children = (
				66C975701F3E12F500450F37 /* HomePages */,
				66C975721F3E133200450F37 /* UserInfoPage */,
				66C975741F3E139700450F37 /* VerificationPages */,
				6657E9481F435B9F00755443 /* PhotoID */,
				66BB082D1F487DC900935950 /* SenderPages */,
			);
			name = View;
			sourceTree = "<group>";
		};
		665DE5031F3A59E9004DDB88 /* Controller */ = {
			isa = PBXGroup;
			children = (
				66C975711F3E130D00450F37 /* HomePages */,
				66C975731F3E137100450F37 /* UserInfoPage */,
				66C975751F3E13B100450F37 /* VerificationPages */,
				6657E9491F435BBA00755443 /* PhotoID */,
				66BB082E1F487DDF00935950 /* SenderPages */,
			);
			name = Controller;
			sourceTree = "<group>";
		};
		66A16AF01F3A5DC000B32AD3 /* Helpers */ = {
			isa = PBXGroup;
			children = (
				66A16AF11F3A5F8100B32AD3 /* UIView++.swift */,
				66A16AFD1F3BA82000B32AD3 /* PageContainer.swift */,
				660704DF1F3CBD42000C09FD /* SideMenuUserInfoView.swift */,
				660704E11F3CDDC5000C09FD /* SlideMenuLeftCell.swift */,
				66A16AFF1F3BB3AA00B32AD3 /* SideMenuLeftController.swift */,
			);
			name = Helpers;
			sourceTree = "<group>";
		};
		66BB082D1F487DC900935950 /* SenderPages */ = {
			isa = PBXGroup;
			children = (
				66BB082F1F487E3E00935950 /* ItemTypeListController.swift */,
				66BB08351F489DEA00935950 /* ItemTypeListCell.swift */,
				661C821A1F4A08C40064D1FB /* RequestController.swift */,
			);
			name = SenderPages;
			sourceTree = "<group>";
		};
		66BB082E1F487DDF00935950 /* SenderPages */ = {
			isa = PBXGroup;
			children = (
				66BB08311F487E5000935950 /* ItemTypeListController++.swift */,
				661C821C1F4A1DCC0064D1FB /* RequestController++.swift */,
			);
			name = SenderPages;
			sourceTree = "<group>";
		};
		66C975701F3E12F500450F37 /* HomePages */ = {
			isa = PBXGroup;
			children = (
				665DE4EE1F3A0B70004DDB88 /* HomePageController.swift */,
				663F1C951F44DBD000E866C2 /* HomePageTableCell.swift */,
			);
			name = HomePages;
			sourceTree = "<group>";
		};
		66C975711F3E130D00450F37 /* HomePages */ = {
			isa = PBXGroup;
			children = (
				66A16AF91F3B704A00B32AD3 /* HomePageController++.swift */,
			);
			name = HomePages;
			sourceTree = "<group>";
		};
		66C975721F3E133200450F37 /* UserInfoPage */ = {
			isa = PBXGroup;
			children = (
				660704E51F3CFB15000C09FD /* UserInfoViewController.swift */,
				66C9756E1F3DF15200450F37 /* UserProfileView.swift */,
				660704E71F3D062E000C09FD /* UserInfoViewCell.swift */,
			);
			name = UserInfoPage;
			sourceTree = "<group>";
		};
		66C975731F3E137100450F37 /* UserInfoPage */ = {
			isa = PBXGroup;
			children = (
				66C9756C1F3DEFB000450F37 /* UserInfoViewController++.swift */,
			);
			name = UserInfoPage;
			sourceTree = "<group>";
		};
		66C975741F3E139700450F37 /* VerificationPages */ = {
			isa = PBXGroup;
			children = (
				66C975761F3E141600450F37 /* PhoneNumberController.swift */,
				66C9757E1F3E167C00450F37 /* DisclaimerController.swift */,
				660704E31F3CF3E8000C09FD /* VerificationController.swift */,
			);
			name = VerificationPages;
			sourceTree = "<group>";
		};
		66C975751F3E13B100450F37 /* VerificationPages */ = {
			isa = PBXGroup;
			children = (
				66C9757A1F3E159400450F37 /* PhoneNumberController++.swift */,
				66C9757C1F3E165A00450F37 /* DisclaimerController++.swift */,
				66C975781F3E149700450F37 /* VerificationController++.swift */,
			);
			name = VerificationPages;
			sourceTree = "<group>";
		};
		B74509BA4913B598D9C8BF81 /* Frameworks */ = {
			isa = PBXGroup;
			children = (
				66B1CA901F41FA7000EA0A43 /* libstdc++.tbd */,
				66B1CA8F1F41FA4700EA0A43 /* libz.tbd */,
				8B01604DC36E1F272CCEFB10 /* Pods_carryonex.framework */,
			);
			name = Frameworks;
			sourceTree = "<group>";
		};
		F9EB5F0D4C24FA38E1E6E2E9 /* Pods */ = {
			isa = PBXGroup;
			children = (
				1856822E24F8F9F9D9D689E7 /* Pods-carryonex.debug.xcconfig */,
				F7E0D7DF88CFCE43B44D3A8A /* Pods-carryonex.release.xcconfig */,
			);
			name = Pods;
			sourceTree = "<group>";
		};
/* End PBXGroup section */

/* Begin PBXNativeTarget section */
		665DE4E81F3A0B70004DDB88 /* carryonex */ = {
			isa = PBXNativeTarget;
			buildConfigurationList = 665DE4FE1F3A0B70004DDB88 /* Build configuration list for PBXNativeTarget "carryonex" */;
			buildPhases = (
				E6A4C6E47CE8855BDA236D35 /* [CP] Check Pods Manifest.lock */,
				665DE4E51F3A0B70004DDB88 /* Sources */,
				665DE4E61F3A0B70004DDB88 /* Frameworks */,
				665DE4E71F3A0B70004DDB88 /* Resources */,
				DE4E7899D29AF53B4AC1FC51 /* [CP] Embed Pods Frameworks */,
				21B824CBD9341B9FC30910B3 /* [CP] Copy Pods Resources */,
			);
			buildRules = (
			);
			dependencies = (
			);
			name = carryonex;
			productName = carryonex;
			productReference = 665DE4E91F3A0B70004DDB88 /* carryonex.app */;
			productType = "com.apple.product-type.application";
		};
/* End PBXNativeTarget section */

/* Begin PBXProject section */
		665DE4E11F3A0B70004DDB88 /* Project object */ = {
			isa = PBXProject;
			attributes = {
				LastSwiftUpdateCheck = 0830;
				LastUpgradeCheck = 0830;
				ORGANIZATIONNAME = "Xin Zou";
				TargetAttributes = {
					665DE4E81F3A0B70004DDB88 = {
						CreatedOnToolsVersion = 8.3.3;
						DevelopmentTeam = 6S4EWJH888;
						LastSwiftMigration = 0830;
						ProvisioningStyle = Automatic;
					};
				};
			};
			buildConfigurationList = 665DE4E41F3A0B70004DDB88 /* Build configuration list for PBXProject "carryonex" */;
			compatibilityVersion = "Xcode 3.2";
			developmentRegion = English;
			hasScannedForEncodings = 0;
			knownRegions = (
				en,
				Base,
			);
			mainGroup = 665DE4E01F3A0B70004DDB88;
			productRefGroup = 665DE4EA1F3A0B70004DDB88 /* Products */;
			projectDirPath = "";
			projectRoot = "";
			targets = (
				665DE4E81F3A0B70004DDB88 /* carryonex */,
			);
		};
/* End PBXProject section */

/* Begin PBXResourcesBuildPhase section */
		665DE4E71F3A0B70004DDB88 /* Resources */ = {
			isa = PBXResourcesBuildPhase;
			buildActionMask = 2147483647;
			files = (
				665DE4FA1F3A0B70004DDB88 /* LaunchScreen.storyboard in Resources */,
				665DE4F71F3A0B70004DDB88 /* Assets.xcassets in Resources */,
				665DE4F21F3A0B70004DDB88 /* Main.storyboard in Resources */,
			);
			runOnlyForDeploymentPostprocessing = 0;
		};
/* End PBXResourcesBuildPhase section */

/* Begin PBXShellScriptBuildPhase section */
		21B824CBD9341B9FC30910B3 /* [CP] Copy Pods Resources */ = {
			isa = PBXShellScriptBuildPhase;
			buildActionMask = 2147483647;
			files = (
			);
			inputPaths = (
			);
			name = "[CP] Copy Pods Resources";
			outputPaths = (
			);
			runOnlyForDeploymentPostprocessing = 0;
			shellPath = /bin/sh;
			shellScript = "\"${SRCROOT}/Pods/Target Support Files/Pods-carryonex/Pods-carryonex-resources.sh\"\n";
			showEnvVarsInLog = 0;
		};
		DE4E7899D29AF53B4AC1FC51 /* [CP] Embed Pods Frameworks */ = {
			isa = PBXShellScriptBuildPhase;
			buildActionMask = 2147483647;
			files = (
			);
			inputPaths = (
			);
			name = "[CP] Embed Pods Frameworks";
			outputPaths = (
			);
			runOnlyForDeploymentPostprocessing = 0;
			shellPath = /bin/sh;
			shellScript = "\"${SRCROOT}/Pods/Target Support Files/Pods-carryonex/Pods-carryonex-frameworks.sh\"\n";
			showEnvVarsInLog = 0;
		};
		E6A4C6E47CE8855BDA236D35 /* [CP] Check Pods Manifest.lock */ = {
			isa = PBXShellScriptBuildPhase;
			buildActionMask = 2147483647;
			files = (
			);
			inputPaths = (
			);
			name = "[CP] Check Pods Manifest.lock";
			outputPaths = (
			);
			runOnlyForDeploymentPostprocessing = 0;
			shellPath = /bin/sh;
			shellScript = "diff \"${PODS_ROOT}/../Podfile.lock\" \"${PODS_ROOT}/Manifest.lock\" > /dev/null\nif [ $? != 0 ] ; then\n    # print error to STDERR\n    echo \"error: The sandbox is not in sync with the Podfile.lock. Run 'pod install' or update your CocoaPods installation.\" >&2\n    exit 1\nfi\n";
			showEnvVarsInLog = 0;
		};
/* End PBXShellScriptBuildPhase section */

/* Begin PBXSourcesBuildPhase section */
		665DE4E51F3A0B70004DDB88 /* Sources */ = {
			isa = PBXSourcesBuildPhase;
			buildActionMask = 2147483647;
			files = (
				66C9757D1F3E165A00450F37 /* DisclaimerController++.swift in Sources */,
				66A16AF21F3A5F8100B32AD3 /* UIView++.swift in Sources */,
				6657E94D1F435C1F00755443 /* PhotoIDController++.swift in Sources */,
				66C9756F1F3DF15200450F37 /* UserProfileView.swift in Sources */,
				663F1C961F44DBD000E866C2 /* HomePageTableCell.swift in Sources */,
				66C975771F3E141600450F37 /* PhoneNumberController.swift in Sources */,
				66C9757F1F3E167C00450F37 /* DisclaimerController.swift in Sources */,
				665DE4F51F3A0B70004DDB88 /* carryonex.xcdatamodeld in Sources */,
				66BB08341F48967600935950 /* ItemCategory.swift in Sources */,
				66A16AF61F3B5EDB00B32AD3 /* Item.swift in Sources */,
				66C975791F3E149700450F37 /* VerificationController++.swift in Sources */,
				665DE4EF1F3A0B70004DDB88 /* HomePageController.swift in Sources */,
				66A16B001F3BB3AA00B32AD3 /* SideMenuLeftController.swift in Sources */,
				66BB08321F487E5000935950 /* ItemTypeListController++.swift in Sources */,
				661C821B1F4A08C40064D1FB /* RequestController.swift in Sources */,
				66A16AF41F3B56B500B32AD3 /* User.swift in Sources */,
				663F1C941F44ABEB00E866C2 /* README.md in Sources */,
				66A16AFA1F3B704A00B32AD3 /* HomePageController++.swift in Sources */,
				66C9757B1F3E159400450F37 /* PhoneNumberController++.swift in Sources */,
				66BB08361F489DEA00935950 /* ItemTypeListCell.swift in Sources */,
				6657E94B1F435BEF00755443 /* PhotoIDController.swift in Sources */,
				660704E81F3D062E000C09FD /* UserInfoViewCell.swift in Sources */,
				66A16AF81F3B6B2E00B32AD3 /* Trip.swift in Sources */,
				661C821D1F4A1DCC0064D1FB /* RequestController++.swift in Sources */,
				66C9756D1F3DEFB000450F37 /* UserInfoViewController++.swift in Sources */,
				66A16AFE1F3BA82000B32AD3 /* PageContainer.swift in Sources */,
				660704E61F3CFB15000C09FD /* UserInfoViewController.swift in Sources */,
				660704E01F3CBD42000C09FD /* SideMenuUserInfoView.swift in Sources */,
				66BB08301F487E3E00935950 /* ItemTypeListController.swift in Sources */,
				660704E21F3CDDC5000C09FD /* SlideMenuLeftCell.swift in Sources */,
				665DE4ED1F3A0B70004DDB88 /* AppDelegate.swift in Sources */,
				660704E41F3CF3E8000C09FD /* VerificationController.swift in Sources */,
			);
			runOnlyForDeploymentPostprocessing = 0;
		};
/* End PBXSourcesBuildPhase section */

/* Begin PBXVariantGroup section */
		665DE4F01F3A0B70004DDB88 /* Main.storyboard */ = {
			isa = PBXVariantGroup;
			children = (
				665DE4F11F3A0B70004DDB88 /* Base */,
			);
			name = Main.storyboard;
			sourceTree = "<group>";
		};
		665DE4F81F3A0B70004DDB88 /* LaunchScreen.storyboard */ = {
			isa = PBXVariantGroup;
			children = (
				665DE4F91F3A0B70004DDB88 /* Base */,
			);
			name = LaunchScreen.storyboard;
			sourceTree = "<group>";
		};
/* End PBXVariantGroup section */

/* Begin XCBuildConfiguration section */
		665DE4FC1F3A0B70004DDB88 /* Debug */ = {
			isa = XCBuildConfiguration;
			buildSettings = {
				ALWAYS_SEARCH_USER_PATHS = NO;
				CLANG_ANALYZER_NONNULL = YES;
				CLANG_ANALYZER_NUMBER_OBJECT_CONVERSION = YES_AGGRESSIVE;
				CLANG_CXX_LANGUAGE_STANDARD = "gnu++0x";
				CLANG_CXX_LIBRARY = "libc++";
				CLANG_ENABLE_MODULES = YES;
				CLANG_ENABLE_OBJC_ARC = YES;
				CLANG_WARN_BOOL_CONVERSION = YES;
				CLANG_WARN_CONSTANT_CONVERSION = YES;
				CLANG_WARN_DIRECT_OBJC_ISA_USAGE = YES_ERROR;
				CLANG_WARN_DOCUMENTATION_COMMENTS = YES;
				CLANG_WARN_EMPTY_BODY = YES;
				CLANG_WARN_ENUM_CONVERSION = YES;
				CLANG_WARN_INFINITE_RECURSION = YES;
				CLANG_WARN_INT_CONVERSION = YES;
				CLANG_WARN_OBJC_ROOT_CLASS = YES_ERROR;
				CLANG_WARN_SUSPICIOUS_MOVE = YES;
				CLANG_WARN_UNREACHABLE_CODE = YES;
				CLANG_WARN__DUPLICATE_METHOD_MATCH = YES;
				"CODE_SIGN_IDENTITY[sdk=iphoneos*]" = "iPhone Developer";
				COPY_PHASE_STRIP = NO;
				DEBUG_INFORMATION_FORMAT = dwarf;
				ENABLE_STRICT_OBJC_MSGSEND = YES;
				ENABLE_TESTABILITY = YES;
				GCC_C_LANGUAGE_STANDARD = gnu99;
				GCC_DYNAMIC_NO_PIC = NO;
				GCC_NO_COMMON_BLOCKS = YES;
				GCC_OPTIMIZATION_LEVEL = 0;
				GCC_PREPROCESSOR_DEFINITIONS = (
					"DEBUG=1",
					"$(inherited)",
				);
				GCC_WARN_64_TO_32_BIT_CONVERSION = YES;
				GCC_WARN_ABOUT_RETURN_TYPE = YES_ERROR;
				GCC_WARN_UNDECLARED_SELECTOR = YES;
				GCC_WARN_UNINITIALIZED_AUTOS = YES_AGGRESSIVE;
				GCC_WARN_UNUSED_FUNCTION = YES;
				GCC_WARN_UNUSED_VARIABLE = YES;
				IPHONEOS_DEPLOYMENT_TARGET = 10.3;
				MTL_ENABLE_DEBUG_INFO = YES;
				ONLY_ACTIVE_ARCH = YES;
				SDKROOT = iphoneos;
				SWIFT_ACTIVE_COMPILATION_CONDITIONS = DEBUG;
				SWIFT_OPTIMIZATION_LEVEL = "-Onone";
			};
			name = Debug;
		};
		665DE4FD1F3A0B70004DDB88 /* Release */ = {
			isa = XCBuildConfiguration;
			buildSettings = {
				ALWAYS_SEARCH_USER_PATHS = NO;
				CLANG_ANALYZER_NONNULL = YES;
				CLANG_ANALYZER_NUMBER_OBJECT_CONVERSION = YES_AGGRESSIVE;
				CLANG_CXX_LANGUAGE_STANDARD = "gnu++0x";
				CLANG_CXX_LIBRARY = "libc++";
				CLANG_ENABLE_MODULES = YES;
				CLANG_ENABLE_OBJC_ARC = YES;
				CLANG_WARN_BOOL_CONVERSION = YES;
				CLANG_WARN_CONSTANT_CONVERSION = YES;
				CLANG_WARN_DIRECT_OBJC_ISA_USAGE = YES_ERROR;
				CLANG_WARN_DOCUMENTATION_COMMENTS = YES;
				CLANG_WARN_EMPTY_BODY = YES;
				CLANG_WARN_ENUM_CONVERSION = YES;
				CLANG_WARN_INFINITE_RECURSION = YES;
				CLANG_WARN_INT_CONVERSION = YES;
				CLANG_WARN_OBJC_ROOT_CLASS = YES_ERROR;
				CLANG_WARN_SUSPICIOUS_MOVE = YES;
				CLANG_WARN_UNREACHABLE_CODE = YES;
				CLANG_WARN__DUPLICATE_METHOD_MATCH = YES;
				"CODE_SIGN_IDENTITY[sdk=iphoneos*]" = "iPhone Developer";
				COPY_PHASE_STRIP = NO;
				DEBUG_INFORMATION_FORMAT = "dwarf-with-dsym";
				ENABLE_NS_ASSERTIONS = NO;
				ENABLE_STRICT_OBJC_MSGSEND = YES;
				GCC_C_LANGUAGE_STANDARD = gnu99;
				GCC_NO_COMMON_BLOCKS = YES;
				GCC_WARN_64_TO_32_BIT_CONVERSION = YES;
				GCC_WARN_ABOUT_RETURN_TYPE = YES_ERROR;
				GCC_WARN_UNDECLARED_SELECTOR = YES;
				GCC_WARN_UNINITIALIZED_AUTOS = YES_AGGRESSIVE;
				GCC_WARN_UNUSED_FUNCTION = YES;
				GCC_WARN_UNUSED_VARIABLE = YES;
				IPHONEOS_DEPLOYMENT_TARGET = 10.3;
				MTL_ENABLE_DEBUG_INFO = NO;
				SDKROOT = iphoneos;
				SWIFT_OPTIMIZATION_LEVEL = "-Owholemodule";
				VALIDATE_PRODUCT = YES;
			};
			name = Release;
		};
		665DE4FF1F3A0B70004DDB88 /* Debug */ = {
			isa = XCBuildConfiguration;
			baseConfigurationReference = 1856822E24F8F9F9D9D689E7 /* Pods-carryonex.debug.xcconfig */;
			buildSettings = {
				ASSETCATALOG_COMPILER_APPICON_NAME = AppIcon;
				CLANG_ENABLE_MODULES = YES;
				DEVELOPMENT_TEAM = 6S4EWJH888;
				INFOPLIST_FILE = carryonex/Info.plist;
				LD_RUNPATH_SEARCH_PATHS = "$(inherited) @executable_path/Frameworks";
				PRODUCT_BUNDLE_IDENTIFIER = com.carryonex.huxingjiu.carryonex;
				PRODUCT_NAME = "$(TARGET_NAME)";
				SWIFT_OBJC_BRIDGING_HEADER = "carryonex/carryonex-Bridging-Header.h";
				SWIFT_OPTIMIZATION_LEVEL = "-Onone";
				SWIFT_VERSION = 3.0;
			};
			name = Debug;
		};
		665DE5001F3A0B70004DDB88 /* Release */ = {
			isa = XCBuildConfiguration;
			baseConfigurationReference = F7E0D7DF88CFCE43B44D3A8A /* Pods-carryonex.release.xcconfig */;
			buildSettings = {
				ASSETCATALOG_COMPILER_APPICON_NAME = AppIcon;
				CLANG_ENABLE_MODULES = YES;
				DEVELOPMENT_TEAM = 6S4EWJH888;
				INFOPLIST_FILE = carryonex/Info.plist;
				LD_RUNPATH_SEARCH_PATHS = "$(inherited) @executable_path/Frameworks";
				PRODUCT_BUNDLE_IDENTIFIER = com.carryonex.huxingjiu.carryonex;
				PRODUCT_NAME = "$(TARGET_NAME)";
				SWIFT_OBJC_BRIDGING_HEADER = "carryonex/carryonex-Bridging-Header.h";
				SWIFT_VERSION = 3.0;
			};
			name = Release;
		};
/* End XCBuildConfiguration section */

/* Begin XCConfigurationList section */
		665DE4E41F3A0B70004DDB88 /* Build configuration list for PBXProject "carryonex" */ = {
			isa = XCConfigurationList;
			buildConfigurations = (
				665DE4FC1F3A0B70004DDB88 /* Debug */,
				665DE4FD1F3A0B70004DDB88 /* Release */,
			);
			defaultConfigurationIsVisible = 0;
			defaultConfigurationName = Release;
		};
		665DE4FE1F3A0B70004DDB88 /* Build configuration list for PBXNativeTarget "carryonex" */ = {
			isa = XCConfigurationList;
			buildConfigurations = (
				665DE4FF1F3A0B70004DDB88 /* Debug */,
				665DE5001F3A0B70004DDB88 /* Release */,
			);
			defaultConfigurationIsVisible = 0;
			defaultConfigurationName = Release;
		};
/* End XCConfigurationList section */

/* Begin XCVersionGroup section */
		665DE4F31F3A0B70004DDB88 /* carryonex.xcdatamodeld */ = {
			isa = XCVersionGroup;
			children = (
				665DE4F41F3A0B70004DDB88 /* carryonex.xcdatamodel */,
			);
			currentVersion = 665DE4F41F3A0B70004DDB88 /* carryonex.xcdatamodel */;
			path = carryonex.xcdatamodeld;
			sourceTree = "<group>";
			versionGroupType = wrapper.xcdatamodel;
		};
/* End XCVersionGroup section */
	};
	rootObject = 665DE4E11F3A0B70004DDB88 /* Project object */;
}
