// !$*UTF8*$!
{
	archiveVersion = 1;
	classes = {
	};
	objectVersion = 46;
	objects = {

/* Begin PBXBuildFile section */
		660704E01F3CBD42000C09FD /* SideMenuUserInfoView.swift in Sources */ = {isa = PBXBuildFile; fileRef = 660704DF1F3CBD42000C09FD /* SideMenuUserInfoView.swift */; };
		665DE4ED1F3A0B70004DDB88 /* AppDelegate.swift in Sources */ = {isa = PBXBuildFile; fileRef = 665DE4EC1F3A0B70004DDB88 /* AppDelegate.swift */; };
		665DE4EF1F3A0B70004DDB88 /* HomePageController.swift in Sources */ = {isa = PBXBuildFile; fileRef = 665DE4EE1F3A0B70004DDB88 /* HomePageController.swift */; };
		665DE4F21F3A0B70004DDB88 /* Main.storyboard in Resources */ = {isa = PBXBuildFile; fileRef = 665DE4F01F3A0B70004DDB88 /* Main.storyboard */; };
		665DE4F51F3A0B70004DDB88 /* carryonex.xcdatamodeld in Sources */ = {isa = PBXBuildFile; fileRef = 665DE4F31F3A0B70004DDB88 /* carryonex.xcdatamodeld */; };
		665DE4F71F3A0B70004DDB88 /* Assets.xcassets in Resources */ = {isa = PBXBuildFile; fileRef = 665DE4F61F3A0B70004DDB88 /* Assets.xcassets */; };
		665DE4FA1F3A0B70004DDB88 /* LaunchScreen.storyboard in Resources */ = {isa = PBXBuildFile; fileRef = 665DE4F81F3A0B70004DDB88 /* LaunchScreen.storyboard */; };
		66A16AF21F3A5F8100B32AD3 /* UIView++.swift in Sources */ = {isa = PBXBuildFile; fileRef = 66A16AF11F3A5F8100B32AD3 /* UIView++.swift */; };
		66A16AF41F3B56B500B32AD3 /* User.swift in Sources */ = {isa = PBXBuildFile; fileRef = 66A16AF31F3B56B500B32AD3 /* User.swift */; };
		66A16AF61F3B5EDB00B32AD3 /* Item.swift in Sources */ = {isa = PBXBuildFile; fileRef = 66A16AF51F3B5EDB00B32AD3 /* Item.swift */; };
		66A16AF81F3B6B2E00B32AD3 /* Trip.swift in Sources */ = {isa = PBXBuildFile; fileRef = 66A16AF71F3B6B2E00B32AD3 /* Trip.swift */; };
		66A16AFA1F3B704A00B32AD3 /* HomePageController++.swift in Sources */ = {isa = PBXBuildFile; fileRef = 66A16AF91F3B704A00B32AD3 /* HomePageController++.swift */; };
		66A16AFC1F3B74B000B32AD3 /* README.md in Sources */ = {isa = PBXBuildFile; fileRef = 66A16AFB1F3B74B000B32AD3 /* README.md */; };
		66A16AFE1F3BA82000B32AD3 /* PageContainer.swift in Sources */ = {isa = PBXBuildFile; fileRef = 66A16AFD1F3BA82000B32AD3 /* PageContainer.swift */; };
		66A16B001F3BB3AA00B32AD3 /* SideMenuLeftController.swift in Sources */ = {isa = PBXBuildFile; fileRef = 66A16AFF1F3BB3AA00B32AD3 /* SideMenuLeftController.swift */; };
/* End PBXBuildFile section */

/* Begin PBXFileReference section */
		660704DF1F3CBD42000C09FD /* SideMenuUserInfoView.swift */ = {isa = PBXFileReference; fileEncoding = 4; lastKnownFileType = sourcecode.swift; path = SideMenuUserInfoView.swift; sourceTree = "<group>"; };
		665DE4E91F3A0B70004DDB88 /* carryonex.app */ = {isa = PBXFileReference; explicitFileType = wrapper.application; includeInIndex = 0; path = carryonex.app; sourceTree = BUILT_PRODUCTS_DIR; };
		665DE4EC1F3A0B70004DDB88 /* AppDelegate.swift */ = {isa = PBXFileReference; lastKnownFileType = sourcecode.swift; path = AppDelegate.swift; sourceTree = "<group>"; };
		665DE4EE1F3A0B70004DDB88 /* HomePageController.swift */ = {isa = PBXFileReference; lastKnownFileType = sourcecode.swift; path = HomePageController.swift; sourceTree = "<group>"; };
		665DE4F11F3A0B70004DDB88 /* Base */ = {isa = PBXFileReference; lastKnownFileType = file.storyboard; name = Base; path = Base.lproj/Main.storyboard; sourceTree = "<group>"; };
		665DE4F41F3A0B70004DDB88 /* carryonex.xcdatamodel */ = {isa = PBXFileReference; lastKnownFileType = wrapper.xcdatamodel; path = carryonex.xcdatamodel; sourceTree = "<group>"; };
		665DE4F61F3A0B70004DDB88 /* Assets.xcassets */ = {isa = PBXFileReference; lastKnownFileType = folder.assetcatalog; path = Assets.xcassets; sourceTree = "<group>"; };
		665DE4F91F3A0B70004DDB88 /* Base */ = {isa = PBXFileReference; lastKnownFileType = file.storyboard; name = Base; path = Base.lproj/LaunchScreen.storyboard; sourceTree = "<group>"; };
		665DE4FB1F3A0B70004DDB88 /* Info.plist */ = {isa = PBXFileReference; lastKnownFileType = text.plist.xml; path = Info.plist; sourceTree = "<group>"; };
		66A16AF11F3A5F8100B32AD3 /* UIView++.swift */ = {isa = PBXFileReference; fileEncoding = 4; lastKnownFileType = sourcecode.swift; path = "UIView++.swift"; sourceTree = "<group>"; };
		66A16AF31F3B56B500B32AD3 /* User.swift */ = {isa = PBXFileReference; fileEncoding = 4; lastKnownFileType = sourcecode.swift; path = User.swift; sourceTree = "<group>"; };
		66A16AF51F3B5EDB00B32AD3 /* Item.swift */ = {isa = PBXFileReference; fileEncoding = 4; lastKnownFileType = sourcecode.swift; path = Item.swift; sourceTree = "<group>"; };
		66A16AF71F3B6B2E00B32AD3 /* Trip.swift */ = {isa = PBXFileReference; fileEncoding = 4; lastKnownFileType = sourcecode.swift; path = Trip.swift; sourceTree = "<group>"; };
		66A16AF91F3B704A00B32AD3 /* HomePageController++.swift */ = {isa = PBXFileReference; fileEncoding = 4; lastKnownFileType = sourcecode.swift; path = "HomePageController++.swift"; sourceTree = "<group>"; };
		66A16AFB1F3B74B000B32AD3 /* README.md */ = {isa = PBXFileReference; fileEncoding = 4; lastKnownFileType = net.daringfireball.markdown; path = README.md; sourceTree = "<group>"; };
		66A16AFD1F3BA82000B32AD3 /* PageContainer.swift */ = {isa = PBXFileReference; fileEncoding = 4; lastKnownFileType = sourcecode.swift; path = PageContainer.swift; sourceTree = "<group>"; };
		66A16AFF1F3BB3AA00B32AD3 /* SideMenuLeftController.swift */ = {isa = PBXFileReference; fileEncoding = 4; lastKnownFileType = sourcecode.swift; path = SideMenuLeftController.swift; sourceTree = "<group>"; };
/* End PBXFileReference section */

/* Begin PBXFrameworksBuildPhase section */
		665DE4E61F3A0B70004DDB88 /* Frameworks */ = {
			isa = PBXFrameworksBuildPhase;
			buildActionMask = 2147483647;
			files = (
			);
			runOnlyForDeploymentPostprocessing = 0;
		};
/* End PBXFrameworksBuildPhase section */

/* Begin PBXGroup section */
		665DE4E01F3A0B70004DDB88 = {
			isa = PBXGroup;
			children = (
				665DE4EB1F3A0B70004DDB88 /* carryonex */,
				665DE4EA1F3A0B70004DDB88 /* Products */,
			);
			sourceTree = "<group>";
		};
		665DE4EA1F3A0B70004DDB88 /* Products */ = {
			isa = PBXGroup;
			children = (
				665DE4E91F3A0B70004DDB88 /* carryonex.app */,
			);
			name = Products;
			sourceTree = "<group>";
		};
		665DE4EB1F3A0B70004DDB88 /* carryonex */ = {
			isa = PBXGroup;
			children = (
				665DE4EC1F3A0B70004DDB88 /* AppDelegate.swift */,
				665DE5011F3A59DA004DDB88 /* Model */,
				665DE5021F3A59E4004DDB88 /* View */,
				665DE5031F3A59E9004DDB88 /* Controller */,
				66A16AF01F3A5DC000B32AD3 /* Helpers */,
				665DE4F01F3A0B70004DDB88 /* Main.storyboard */,
				66A16AFB1F3B74B000B32AD3 /* README.md */,
				665DE4F61F3A0B70004DDB88 /* Assets.xcassets */,
				665DE4F81F3A0B70004DDB88 /* LaunchScreen.storyboard */,
				665DE4FB1F3A0B70004DDB88 /* Info.plist */,
				665DE4F31F3A0B70004DDB88 /* carryonex.xcdatamodeld */,
			);
			path = carryonex;
			sourceTree = "<group>";
		};
		665DE5011F3A59DA004DDB88 /* Model */ = {
			isa = PBXGroup;
			children = (
				66A16AF31F3B56B500B32AD3 /* User.swift */,
				66A16AF51F3B5EDB00B32AD3 /* Item.swift */,
				66A16AF71F3B6B2E00B32AD3 /* Trip.swift */,
			);
			name = Model;
			sourceTree = "<group>";
		};
		665DE5021F3A59E4004DDB88 /* View */ = {
			isa = PBXGroup;
			children = (
				66A16AFD1F3BA82000B32AD3 /* PageContainer.swift */,
				665DE4EE1F3A0B70004DDB88 /* HomePageController.swift */,
				660704DF1F3CBD42000C09FD /* SideMenuUserInfoView.swift */,
			);
			name = View;
			sourceTree = "<group>";
		};
		665DE5031F3A59E9004DDB88 /* Controller */ = {
			isa = PBXGroup;
			children = (
				66A16AF91F3B704A00B32AD3 /* HomePageController++.swift */,
				66A16AFF1F3BB3AA00B32AD3 /* SideMenuLeftController.swift */,
			);
			name = Controller;
			sourceTree = "<group>";
		};
		66A16AF01F3A5DC000B32AD3 /* Helpers */ = {
			isa = PBXGroup;
			children = (
				66A16AF11F3A5F8100B32AD3 /* UIView++.swift */,
			);
			name = Helpers;
			sourceTree = "<group>";
		};
/* End PBXGroup section */

/* Begin PBXNativeTarget section */
		665DE4E81F3A0B70004DDB88 /* carryonex */ = {
			isa = PBXNativeTarget;
			buildConfigurationList = 665DE4FE1F3A0B70004DDB88 /* Build configuration list for PBXNativeTarget "carryonex" */;
			buildPhases = (
				665DE4E51F3A0B70004DDB88 /* Sources */,
				665DE4E61F3A0B70004DDB88 /* Frameworks */,
				665DE4E71F3A0B70004DDB88 /* Resources */,
			);
			buildRules = (
			);
			dependencies = (
			);
			name = carryonex;
			productName = carryonex;
			productReference = 665DE4E91F3A0B70004DDB88 /* carryonex.app */;
			productType = "com.apple.product-type.application";
		};
/* End PBXNativeTarget section */

/* Begin PBXProject section */
		665DE4E11F3A0B70004DDB88 /* Project object */ = {
			isa = PBXProject;
			attributes = {
				LastSwiftUpdateCheck = 0830;
				LastUpgradeCheck = 0830;
				ORGANIZATIONNAME = "Xin Zou";
				TargetAttributes = {
					665DE4E81F3A0B70004DDB88 = {
						CreatedOnToolsVersion = 8.3.3;
						DevelopmentTeam = 6S4EWJH888;
						ProvisioningStyle = Automatic;
					};
				};
			};
			buildConfigurationList = 665DE4E41F3A0B70004DDB88 /* Build configuration list for PBXProject "carryonex" */;
			compatibilityVersion = "Xcode 3.2";
			developmentRegion = English;
			hasScannedForEncodings = 0;
			knownRegions = (
				en,
				Base,
			);
			mainGroup = 665DE4E01F3A0B70004DDB88;
			productRefGroup = 665DE4EA1F3A0B70004DDB88 /* Products */;
			projectDirPath = "";
			projectRoot = "";
			targets = (
				665DE4E81F3A0B70004DDB88 /* carryonex */,
			);
		};
/* End PBXProject section */

/* Begin PBXResourcesBuildPhase section */
		665DE4E71F3A0B70004DDB88 /* Resources */ = {
			isa = PBXResourcesBuildPhase;
			buildActionMask = 2147483647;
			files = (
				665DE4FA1F3A0B70004DDB88 /* LaunchScreen.storyboard in Resources */,
				665DE4F71F3A0B70004DDB88 /* Assets.xcassets in Resources */,
				665DE4F21F3A0B70004DDB88 /* Main.storyboard in Resources */,
			);
			runOnlyForDeploymentPostprocessing = 0;
		};
/* End PBXResourcesBuildPhase section */

/* Begin PBXSourcesBuildPhase section */
		665DE4E51F3A0B70004DDB88 /* Sources */ = {
			isa = PBXSourcesBuildPhase;
			buildActionMask = 2147483647;
			files = (
				66A16AF21F3A5F8100B32AD3 /* UIView++.swift in Sources */,
				665DE4F51F3A0B70004DDB88 /* carryonex.xcdatamodeld in Sources */,
				66A16AF61F3B5EDB00B32AD3 /* Item.swift in Sources */,
				665DE4EF1F3A0B70004DDB88 /* HomePageController.swift in Sources */,
				66A16B001F3BB3AA00B32AD3 /* SideMenuLeftController.swift in Sources */,
				66A16AF41F3B56B500B32AD3 /* User.swift in Sources */,
				66A16AFA1F3B704A00B32AD3 /* HomePageController++.swift in Sources */,
				66A16AF81F3B6B2E00B32AD3 /* Trip.swift in Sources */,
				66A16AFE1F3BA82000B32AD3 /* PageContainer.swift in Sources */,
				660704E01F3CBD42000C09FD /* SideMenuUserInfoView.swift in Sources */,
				665DE4ED1F3A0B70004DDB88 /* AppDelegate.swift in Sources */,
				66A16AFC1F3B74B000B32AD3 /* README.md in Sources */,
			);
			runOnlyForDeploymentPostprocessing = 0;
		};
/* End PBXSourcesBuildPhase section */

/* Begin PBXVariantGroup section */
		665DE4F01F3A0B70004DDB88 /* Main.storyboard */ = {
			isa = PBXVariantGroup;
			children = (
				665DE4F11F3A0B70004DDB88 /* Base */,
			);
			name = Main.storyboard;
			sourceTree = "<group>";
		};
		665DE4F81F3A0B70004DDB88 /* LaunchScreen.storyboard */ = {
			isa = PBXVariantGroup;
			children = (
				665DE4F91F3A0B70004DDB88 /* Base */,
			);
			name = LaunchScreen.storyboard;
			sourceTree = "<group>";
		};
/* End PBXVariantGroup section */

/* Begin XCBuildConfiguration section */
		665DE4FC1F3A0B70004DDB88 /* Debug */ = {
			isa = XCBuildConfiguration;
			buildSettings = {
				ALWAYS_SEARCH_USER_PATHS = NO;
				CLANG_ANALYZER_NONNULL = YES;
				CLANG_ANALYZER_NUMBER_OBJECT_CONVERSION = YES_AGGRESSIVE;
				CLANG_CXX_LANGUAGE_STANDARD = "gnu++0x";
				CLANG_CXX_LIBRARY = "libc++";
				CLANG_ENABLE_MODULES = YES;
				CLANG_ENABLE_OBJC_ARC = YES;
				CLANG_WARN_BOOL_CONVERSION = YES;
				CLANG_WARN_CONSTANT_CONVERSION = YES;
				CLANG_WARN_DIRECT_OBJC_ISA_USAGE = YES_ERROR;
				CLANG_WARN_DOCUMENTATION_COMMENTS = YES;
				CLANG_WARN_EMPTY_BODY = YES;
				CLANG_WARN_ENUM_CONVERSION = YES;
				CLANG_WARN_INFINITE_RECURSION = YES;
				CLANG_WARN_INT_CONVERSION = YES;
				CLANG_WARN_OBJC_ROOT_CLASS = YES_ERROR;
				CLANG_WARN_SUSPICIOUS_MOVE = YES;
				CLANG_WARN_UNREACHABLE_CODE = YES;
				CLANG_WARN__DUPLICATE_METHOD_MATCH = YES;
				"CODE_SIGN_IDENTITY[sdk=iphoneos*]" = "iPhone Developer";
				COPY_PHASE_STRIP = NO;
				DEBUG_INFORMATION_FORMAT = dwarf;
				ENABLE_STRICT_OBJC_MSGSEND = YES;
				ENABLE_TESTABILITY = YES;
				GCC_C_LANGUAGE_STANDARD = gnu99;
				GCC_DYNAMIC_NO_PIC = NO;
				GCC_NO_COMMON_BLOCKS = YES;
				GCC_OPTIMIZATION_LEVEL = 0;
				GCC_PREPROCESSOR_DEFINITIONS = (
					"DEBUG=1",
					"$(inherited)",
				);
				GCC_WARN_64_TO_32_BIT_CONVERSION = YES;
				GCC_WARN_ABOUT_RETURN_TYPE = YES_ERROR;
				GCC_WARN_UNDECLARED_SELECTOR = YES;
				GCC_WARN_UNINITIALIZED_AUTOS = YES_AGGRESSIVE;
				GCC_WARN_UNUSED_FUNCTION = YES;
				GCC_WARN_UNUSED_VARIABLE = YES;
				IPHONEOS_DEPLOYMENT_TARGET = 10.3;
				MTL_ENABLE_DEBUG_INFO = YES;
				ONLY_ACTIVE_ARCH = YES;
				SDKROOT = iphoneos;
				SWIFT_ACTIVE_COMPILATION_CONDITIONS = DEBUG;
				SWIFT_OPTIMIZATION_LEVEL = "-Onone";
			};
			name = Debug;
		};
		665DE4FD1F3A0B70004DDB88 /* Release */ = {
			isa = XCBuildConfiguration;
			buildSettings = {
				ALWAYS_SEARCH_USER_PATHS = NO;
				CLANG_ANALYZER_NONNULL = YES;
				CLANG_ANALYZER_NUMBER_OBJECT_CONVERSION = YES_AGGRESSIVE;
				CLANG_CXX_LANGUAGE_STANDARD = "gnu++0x";
				CLANG_CXX_LIBRARY = "libc++";
				CLANG_ENABLE_MODULES = YES;
				CLANG_ENABLE_OBJC_ARC = YES;
				CLANG_WARN_BOOL_CONVERSION = YES;
				CLANG_WARN_CONSTANT_CONVERSION = YES;
				CLANG_WARN_DIRECT_OBJC_ISA_USAGE = YES_ERROR;
				CLANG_WARN_DOCUMENTATION_COMMENTS = YES;
				CLANG_WARN_EMPTY_BODY = YES;
				CLANG_WARN_ENUM_CONVERSION = YES;
				CLANG_WARN_INFINITE_RECURSION = YES;
				CLANG_WARN_INT_CONVERSION = YES;
				CLANG_WARN_OBJC_ROOT_CLASS = YES_ERROR;
				CLANG_WARN_SUSPICIOUS_MOVE = YES;
				CLANG_WARN_UNREACHABLE_CODE = YES;
				CLANG_WARN__DUPLICATE_METHOD_MATCH = YES;
				"CODE_SIGN_IDENTITY[sdk=iphoneos*]" = "iPhone Developer";
				COPY_PHASE_STRIP = NO;
				DEBUG_INFORMATION_FORMAT = "dwarf-with-dsym";
				ENABLE_NS_ASSERTIONS = NO;
				ENABLE_STRICT_OBJC_MSGSEND = YES;
				GCC_C_LANGUAGE_STANDARD = gnu99;
				GCC_NO_COMMON_BLOCKS = YES;
				GCC_WARN_64_TO_32_BIT_CONVERSION = YES;
				GCC_WARN_ABOUT_RETURN_TYPE = YES_ERROR;
				GCC_WARN_UNDECLARED_SELECTOR = YES;
				GCC_WARN_UNINITIALIZED_AUTOS = YES_AGGRESSIVE;
				GCC_WARN_UNUSED_FUNCTION = YES;
				GCC_WARN_UNUSED_VARIABLE = YES;
				IPHONEOS_DEPLOYMENT_TARGET = 10.3;
				MTL_ENABLE_DEBUG_INFO = NO;
				SDKROOT = iphoneos;
				SWIFT_OPTIMIZATION_LEVEL = "-Owholemodule";
				VALIDATE_PRODUCT = YES;
			};
			name = Release;
		};
		665DE4FF1F3A0B70004DDB88 /* Debug */ = {
			isa = XCBuildConfiguration;
			buildSettings = {
				ASSETCATALOG_COMPILER_APPICON_NAME = AppIcon;
				DEVELOPMENT_TEAM = 6S4EWJH888;
				INFOPLIST_FILE = carryonex/Info.plist;
				LD_RUNPATH_SEARCH_PATHS = "$(inherited) @executable_path/Frameworks";
				PRODUCT_BUNDLE_IDENTIFIER = com.carryonex.huxingjiu.carryonex;
				PRODUCT_NAME = "$(TARGET_NAME)";
				SWIFT_VERSION = 3.0;
			};
			name = Debug;
		};
		665DE5001F3A0B70004DDB88 /* Release */ = {
			isa = XCBuildConfiguration;
			buildSettings = {
				ASSETCATALOG_COMPILER_APPICON_NAME = AppIcon;
				DEVELOPMENT_TEAM = 6S4EWJH888;
				INFOPLIST_FILE = carryonex/Info.plist;
				LD_RUNPATH_SEARCH_PATHS = "$(inherited) @executable_path/Frameworks";
				PRODUCT_BUNDLE_IDENTIFIER = com.carryonex.huxingjiu.carryonex;
				PRODUCT_NAME = "$(TARGET_NAME)";
				SWIFT_VERSION = 3.0;
			};
			name = Release;
		};
/* End XCBuildConfiguration section */

/* Begin XCConfigurationList section */
		665DE4E41F3A0B70004DDB88 /* Build configuration list for PBXProject "carryonex" */ = {
			isa = XCConfigurationList;
			buildConfigurations = (
				665DE4FC1F3A0B70004DDB88 /* Debug */,
				665DE4FD1F3A0B70004DDB88 /* Release */,
			);
			defaultConfigurationIsVisible = 0;
			defaultConfigurationName = Release;
		};
		665DE4FE1F3A0B70004DDB88 /* Build configuration list for PBXNativeTarget "carryonex" */ = {
			isa = XCConfigurationList;
			buildConfigurations = (
				665DE4FF1F3A0B70004DDB88 /* Debug */,
				665DE5001F3A0B70004DDB88 /* Release */,
			);
			defaultConfigurationIsVisible = 0;
			defaultConfigurationName = Release;
		};
/* End XCConfigurationList section */

/* Begin XCVersionGroup section */
		665DE4F31F3A0B70004DDB88 /* carryonex.xcdatamodeld */ = {
			isa = XCVersionGroup;
			children = (
				665DE4F41F3A0B70004DDB88 /* carryonex.xcdatamodel */,
			);
			currentVersion = 665DE4F41F3A0B70004DDB88 /* carryonex.xcdatamodel */;
			path = carryonex.xcdatamodeld;
			sourceTree = "<group>";
			versionGroupType = wrapper.xcdatamodel;
		};
/* End XCVersionGroup section */
	};
	rootObject = 665DE4E11F3A0B70004DDB88 /* Project object */;
}
