PODS:
  - M13Checkbox (3.1.3)
  - MOBFoundation (3.0.2)
  - SMSSDK (3.0.1):
    - MOBFoundation

DEPENDENCIES:
  - M13Checkbox
  - SMSSDK

SPEC CHECKSUMS:
  M13Checkbox: c132a7e0eb964731855eff67b883a0b21b7c0977
  MOBFoundation: d5e27c4638d911d3c7501aa5df458955d4814359
  SMSSDK: a811c8ea6e89393097037b7cf6493248a40e50f0

PODFILE CHECKSUM: 31857c2417b27f53b66094836f2b685d81c97814

COCOAPODS: 1.1.1
